
Microsoft Visual Studio Solution File, Format Version 12.00
# Visual Studio Version 17
VisualStudioVersion = 17.2.32616.157
MinimumVisualStudioVersion = 10.0.40219.1
Project("{FAE04EC0-301F-11D3-BF4B-00C04F79EFBC}") = "MultiThreadExtractVideoFram", "MultiThreadExtractVideoFram\MultiThreadExtractVideoFram.csproj", "{0FDCCA00-2763-4DA9-895D-5835BDCC0CEF}"
EndProject
Global
	GlobalSection(SolutionConfigurationPlatforms) = preSolution
		Debug|Any CPU = Debug|Any CPU
		Release|Any CPU = Release|Any CPU
	EndGlobalSection
	GlobalSection(ProjectConfigurationPlatforms) = postSolution
		{0FDCCA00-2763-4DA9-895D-5835BDCC0CEF}.Debug|Any CPU.ActiveCfg = Debug|Any CPU
		{0FDCCA00-2763-4DA9-895D-5835BDCC0CEF}.Debug|Any CPU.Build.0 = Debug|Any CPU
		{0FDCCA00-2763-4DA9-895D-5835BDCC0CEF}.Release|Any CPU.ActiveCfg = Release|Any CPU
		{0FDCCA00-2763-4DA9-895D-5835BDCC0CEF}.Release|Any CPU.Build.0 = Release|Any CPU
	EndGlobalSection
	GlobalSection(SolutionProperties) = preSolution
		HideSolutionNode = FALSE
	EndGlobalSection
	GlobalSection(ExtensibilityGlobals) = postSolution
		SolutionGuid = {2F837617-17D5-40CA-A9E1-CE980FF70A69}
	EndGlobalSection
EndGlobal
